
Microsoft Visual Studio Solution File, Format Version 12.00
# Visual Studio Version 17
VisualStudioVersion = 17.8.34322.80
MinimumVisualStudioVersion = 10.0.40219.1
Project("{FAE04EC0-301F-11D3-BF4B-00C04F79EFBC}") = "OOP_Lab3", "OOP_Lab3\OOP_Lab3.csproj", "{BDBBDB28-D2D5-4A6B-9735-A57D0F24AB45}"
EndProject
Global
	GlobalSection(SolutionConfigurationPlatforms) = preSolution
		Debug|Any CPU = Debug|Any CPU
		Release|Any CPU = Release|Any CPU
	EndGlobalSection
	GlobalSection(ProjectConfigurationPlatforms) = postSolution
		{BDBBDB28-D2D5-4A6B-9735-A57D0F24AB45}.Debug|Any CPU.ActiveCfg = Debug|Any CPU
		{BDBBDB28-D2D5-4A6B-9735-A57D0F24AB45}.Debug|Any CPU.Build.0 = Debug|Any CPU
		{BDBBDB28-D2D5-4A6B-9735-A57D0F24AB45}.Release|Any CPU.ActiveCfg = Release|Any CPU
		{BDBBDB28-D2D5-4A6B-9735-A57D0F24AB45}.Release|Any CPU.Build.0 = Release|Any CPU
	EndGlobalSection
	GlobalSection(SolutionProperties) = preSolution
		HideSolutionNode = FALSE
	EndGlobalSection
	GlobalSection(ExtensibilityGlobals) = postSolution
		SolutionGuid = {AAB6FA1C-0201-4E23-A24D-D80576CB610E}
	EndGlobalSection
EndGlobal
